
Microsoft Visual Studio Solution File, Format Version 12.00
# Visual Studio Version 17
VisualStudioVersion = 17.5.33424.131
MinimumVisualStudioVersion = 10.0.40219.1
Project("{FAE04EC0-301F-11D3-BF4B-00C04F79EFBC}") = "CashOverflow.API", "CashOverflow.API\CashOverflow.API.csproj", "{5442A0B3-1BC2-476D-94FB-74DC9DADE374}"
EndProject
Project("{FAE04EC0-301F-11D3-BF4B-00C04F79EFBC}") = "CashOverflow.Infrastructure.Build", "CashOverflow.Infrastructure.Build\CashOverflow.Infrastructure.Build.csproj", "{C5621888-FFD3-47D7-9C93-BEDF550FFDD4}"
EndProject
Project("{FAE04EC0-301F-11D3-BF4B-00C04F79EFBC}") = "CashOverflow.Tests.Unit", "CashOverflow.Tests.Unit\CashOverflow.Tests.Unit.csproj", "{43CAFE1A-9195-4C6C-BE25-5482288A1CF8}"
EndProject
Global
	GlobalSection(SolutionConfigurationPlatforms) = preSolution
		Debug|Any CPU = Debug|Any CPU
		Release|Any CPU = Release|Any CPU
	EndGlobalSection
	GlobalSection(ProjectConfigurationPlatforms) = postSolution
		{5442A0B3-1BC2-476D-94FB-74DC9DADE374}.Debug|Any CPU.ActiveCfg = Debug|Any CPU
		{5442A0B3-1BC2-476D-94FB-74DC9DADE374}.Debug|Any CPU.Build.0 = Debug|Any CPU
		{5442A0B3-1BC2-476D-94FB-74DC9DADE374}.Release|Any CPU.ActiveCfg = Release|Any CPU
		{5442A0B3-1BC2-476D-94FB-74DC9DADE374}.Release|Any CPU.Build.0 = Release|Any CPU
		{C5621888-FFD3-47D7-9C93-BEDF550FFDD4}.Debug|Any CPU.ActiveCfg = Debug|Any CPU
		{C5621888-FFD3-47D7-9C93-BEDF550FFDD4}.Debug|Any CPU.Build.0 = Debug|Any CPU
		{C5621888-FFD3-47D7-9C93-BEDF550FFDD4}.Release|Any CPU.ActiveCfg = Release|Any CPU
		{C5621888-FFD3-47D7-9C93-BEDF550FFDD4}.Release|Any CPU.Build.0 = Release|Any CPU
		{43CAFE1A-9195-4C6C-BE25-5482288A1CF8}.Debug|Any CPU.ActiveCfg = Debug|Any CPU
		{43CAFE1A-9195-4C6C-BE25-5482288A1CF8}.Debug|Any CPU.Build.0 = Debug|Any CPU
		{43CAFE1A-9195-4C6C-BE25-5482288A1CF8}.Release|Any CPU.ActiveCfg = Release|Any CPU
		{43CAFE1A-9195-4C6C-BE25-5482288A1CF8}.Release|Any CPU.Build.0 = Release|Any CPU
	EndGlobalSection
	GlobalSection(SolutionProperties) = preSolution
		HideSolutionNode = FALSE
	EndGlobalSection
	GlobalSection(ExtensibilityGlobals) = postSolution
		SolutionGuid = {A999FC39-39D8-4C5F-BAC6-21144201ACEE}
	EndGlobalSection
EndGlobal
